// !$*UTF8*$!
{
	archiveVersion = 1;
	classes = {
	};
	objectVersion = 70;
	objects = {

/* Begin PBXBuildFile section */
		062700FA2CE6E6360097B7E2 /* TimecardApp.swift in Sources */ = {isa = PBXBuildFile; fileRef = 062700ED2CE6E6360097B7E2 /* TimecardApp.swift */; };
		065560F22CC9A223003A441F /* LoginViewModel.swift in Sources */ = {isa = PBXBuildFile; fileRef = 065560F12CC9A21C003A441F /* LoginViewModel.swift */; };
		065560FC2CCB23CD003A441F /* JobCode.swift in Sources */ = {isa = PBXBuildFile; fileRef = 065560FB2CCB23CD003A441F /* JobCode.swift */; };
		065561002CCD75B8003A441F /* ProfileViewModel.swift in Sources */ = {isa = PBXBuildFile; fileRef = 065560FF2CCD75B8003A441F /* ProfileViewModel.swift */; };
		065561022CCD75CA003A441F /* Profile.swift in Sources */ = {isa = PBXBuildFile; fileRef = 065561012CCD75CA003A441F /* Profile.swift */; };
		067FFF042CE943C100B07CFA /* EmployeeDetailViewModel.swift in Sources */ = {isa = PBXBuildFile; fileRef = 067FFF032CE943C100B07CFA /* EmployeeDetailViewModel.swift */; };
		76C182142D062FF600E33030 /* GoogleService-Info.plist in Resources */ = {isa = PBXBuildFile; fileRef = 76C182132D062FF600E33030 /* GoogleService-Info.plist */; };
		76C183002D063B5700E33030 /* LeaveRequestViewModel.swift in Sources */ = {isa = PBXBuildFile; fileRef = 76C182FF2D063B5700E33030 /* LeaveRequestViewModel.swift */; };
		76C183422D065F7100E33030 /* SettingsViewModel.swift in Sources */ = {isa = PBXBuildFile; fileRef = 76C183412D065F6D00E33030 /* SettingsViewModel.swift */; };
		8E95679D2CE4490500A692C8 /* FirebaseAnalytics in Frameworks */ = {isa = PBXBuildFile; productRef = 8E95679C2CE4490500A692C8 /* FirebaseAnalytics */; };
		8E95679F2CE4490500A692C8 /* FirebaseAnalyticsOnDeviceConversion in Frameworks */ = {isa = PBXBuildFile; productRef = 8E95679E2CE4490500A692C8 /* FirebaseAnalyticsOnDeviceConversion */; };
		8E9567A12CE4490500A692C8 /* FirebaseAnalyticsWithoutAdIdSupport in Frameworks */ = {isa = PBXBuildFile; productRef = 8E9567A02CE4490500A692C8 /* FirebaseAnalyticsWithoutAdIdSupport */; };
		8E9567A32CE4490500A692C8 /* FirebaseAppCheck in Frameworks */ = {isa = PBXBuildFile; productRef = 8E9567A22CE4490500A692C8 /* FirebaseAppCheck */; };
		8E9567A52CE4490500A692C8 /* FirebaseAppDistribution-Beta in Frameworks */ = {isa = PBXBuildFile; productRef = 8E9567A42CE4490500A692C8 /* FirebaseAppDistribution-Beta */; };
		8E9567AA2CE4528600A692C8 /* FirebaseCore in Frameworks */ = {isa = PBXBuildFile; productRef = 8E9567A92CE4528600A692C8 /* FirebaseCore */; };
		8E9567AC2CE4528600A692C8 /* FirebaseDatabase in Frameworks */ = {isa = PBXBuildFile; productRef = 8E9567AB2CE4528600A692C8 /* FirebaseDatabase */; };
		8E9567AE2CE4528600A692C8 /* FirebaseFirestore in Frameworks */ = {isa = PBXBuildFile; productRef = 8E9567AD2CE4528600A692C8 /* FirebaseFirestore */; };
		8E9567B02CE4528600A692C8 /* FirebaseFirestoreCombine-Community in Frameworks */ = {isa = PBXBuildFile; productRef = 8E9567AF2CE4528600A692C8 /* FirebaseFirestoreCombine-Community */; };
		8E9567B22CE4528600A692C8 /* FirebaseFunctions in Frameworks */ = {isa = PBXBuildFile; productRef = 8E9567B12CE4528600A692C8 /* FirebaseFunctions */; };
		8E9567B42CE4528600A692C8 /* FirebaseStorage in Frameworks */ = {isa = PBXBuildFile; productRef = 8E9567B32CE4528600A692C8 /* FirebaseStorage */; };
		8E9567B62CE452C400A692C8 /* FirebaseAppCheck in Frameworks */ = {isa = PBXBuildFile; productRef = 8E9567B52CE452C400A692C8 /* FirebaseAppCheck */; };
		8E9567B82CE452C400A692C8 /* FirebaseAppDistribution-Beta in Frameworks */ = {isa = PBXBuildFile; productRef = 8E9567B72CE452C400A692C8 /* FirebaseAppDistribution-Beta */; };
		8E9567BA2CE452C400A692C8 /* FirebaseAuth in Frameworks */ = {isa = PBXBuildFile; productRef = 8E9567B92CE452C400A692C8 /* FirebaseAuth */; };
		8E9567BC2CE452C400A692C8 /* FirebaseCore in Frameworks */ = {isa = PBXBuildFile; productRef = 8E9567BB2CE452C400A692C8 /* FirebaseCore */; };
		8E9567BE2CE452C400A692C8 /* FirebaseDatabase in Frameworks */ = {isa = PBXBuildFile; productRef = 8E9567BD2CE452C400A692C8 /* FirebaseDatabase */; };
		8E9567C02CE452C400A692C8 /* FirebaseFirestore in Frameworks */ = {isa = PBXBuildFile; productRef = 8E9567BF2CE452C400A692C8 /* FirebaseFirestore */; };
		8E9567C22CE452C400A692C8 /* FirebaseFirestoreCombine-Community in Frameworks */ = {isa = PBXBuildFile; productRef = 8E9567C12CE452C400A692C8 /* FirebaseFirestoreCombine-Community */; };
		8E9567C42CE452C400A692C8 /* FirebaseFunctions in Frameworks */ = {isa = PBXBuildFile; productRef = 8E9567C32CE452C400A692C8 /* FirebaseFunctions */; };
		8E9567C62CE452C400A692C8 /* FirebaseStorage in Frameworks */ = {isa = PBXBuildFile; productRef = 8E9567C52CE452C400A692C8 /* FirebaseStorage */; };
		8E9567C82CE5038800A692C8 /* FirebaseCore in Frameworks */ = {isa = PBXBuildFile; productRef = 8E9567C72CE5038800A692C8 /* FirebaseCore */; };
		8E9567CA2CE5038800A692C8 /* FirebaseDatabase in Frameworks */ = {isa = PBXBuildFile; productRef = 8E9567C92CE5038800A692C8 /* FirebaseDatabase */; };
		8E9567CC2CE5038800A692C8 /* FirebaseFirestore in Frameworks */ = {isa = PBXBuildFile; productRef = 8E9567CB2CE5038800A692C8 /* FirebaseFirestore */; };
		8E9567CE2CE52BD900A692C8 /* FirebaseAuth in Frameworks */ = {isa = PBXBuildFile; productRef = 8E9567CD2CE52BD900A692C8 /* FirebaseAuth */; };
		8E9567D02CE52BD900A692C8 /* FirebaseAuthCombine-Community in Frameworks */ = {isa = PBXBuildFile; productRef = 8E9567CF2CE52BD900A692C8 /* FirebaseAuthCombine-Community */; };
		8E9567D22CE568A600A692C8 /* FirebaseAppCheck in Frameworks */ = {isa = PBXBuildFile; productRef = 8E9567D12CE568A600A692C8 /* FirebaseAppCheck */; };
		8E9567D42CE56E4F00A692C8 /* AppDelegate.swift in Sources */ = {isa = PBXBuildFile; fileRef = 8E9567D32CE56E4F00A692C8 /* AppDelegate.swift */; };
		8E9567DE2CE634D100A692C8 /* Hour.swift in Sources */ = {isa = PBXBuildFile; fileRef = 8E9567DD2CE634D100A692C8 /* Hour.swift */; };
		8E9567E52CE6669A00A692C8 /* WeeklyViewModel.swift in Sources */ = {isa = PBXBuildFile; fileRef = 8E9567E42CE6669700A692C8 /* WeeklyViewModel.swift */; };
		8E9567EF2CE6BFA400A692C8 /* TimecardByDay.swift in Sources */ = {isa = PBXBuildFile; fileRef = 8E9567EE2CE6BFA400A692C8 /* TimecardByDay.swift */; };
		8E95692B2CEA696500A692C8 /* Manager.swift in Sources */ = {isa = PBXBuildFile; fileRef = 8E95692A2CEA696500A692C8 /* Manager.swift */; };
		8E95692D2CEA698300A692C8 /* ManagerViewModel.swift in Sources */ = {isa = PBXBuildFile; fileRef = 8E95692C2CEA698300A692C8 /* ManagerViewModel.swift */; };
		8EC38B342CB0AA82000C94FB /* Assets.xcassets in Resources */ = {isa = PBXBuildFile; fileRef = 8EC38B332CB0AA82000C94FB /* Assets.xcassets */; };
		8EC38B472CB0ABB7000C94FB /* TimecardListViewModel.swift in Sources */ = {isa = PBXBuildFile; fileRef = 8EC38B462CB0ABB7000C94FB /* TimecardListViewModel.swift */; };
		8EC38B492CB0ABCC000C94FB /* Timecard.swift in Sources */ = {isa = PBXBuildFile; fileRef = 8EC38B482CB0ABCC000C94FB /* Timecard.swift */; };
		8EC38B4F2CB0AD24000C94FB /* JobCodeListViewModel.swift in Sources */ = {isa = PBXBuildFile; fileRef = 8EC38B4E2CB0AD24000C94FB /* JobCodeListViewModel.swift */; };
/* End PBXBuildFile section */

/* Begin PBXFileReference section */
		062700ED2CE6E6360097B7E2 /* TimecardApp.swift */ = {isa = PBXFileReference; lastKnownFileType = sourcecode.swift; path = TimecardApp.swift; sourceTree = "<group>"; };
		065560F12CC9A21C003A441F /* LoginViewModel.swift */ = {isa = PBXFileReference; lastKnownFileType = sourcecode.swift; path = LoginViewModel.swift; sourceTree = "<group>"; };
		065560FB2CCB23CD003A441F /* JobCode.swift */ = {isa = PBXFileReference; lastKnownFileType = sourcecode.swift; path = JobCode.swift; sourceTree = "<group>"; };
		065560FF2CCD75B8003A441F /* ProfileViewModel.swift */ = {isa = PBXFileReference; lastKnownFileType = sourcecode.swift; path = ProfileViewModel.swift; sourceTree = "<group>"; };
		065561012CCD75CA003A441F /* Profile.swift */ = {isa = PBXFileReference; lastKnownFileType = sourcecode.swift; path = Profile.swift; sourceTree = "<group>"; };
		067FFF032CE943C100B07CFA /* EmployeeDetailViewModel.swift */ = {isa = PBXFileReference; lastKnownFileType = sourcecode.swift; path = EmployeeDetailViewModel.swift; sourceTree = "<group>"; };
		76C182132D062FF600E33030 /* GoogleService-Info.plist */ = {isa = PBXFileReference; lastKnownFileType = text.plist.xml; path = "GoogleService-Info.plist"; sourceTree = "<group>"; };
		76C182FF2D063B5700E33030 /* LeaveRequestViewModel.swift */ = {isa = PBXFileReference; lastKnownFileType = sourcecode.swift; path = LeaveRequestViewModel.swift; sourceTree = "<group>"; };
		76C183412D065F6D00E33030 /* SettingsViewModel.swift */ = {isa = PBXFileReference; lastKnownFileType = sourcecode.swift; path = SettingsViewModel.swift; sourceTree = "<group>"; };
		8E9567D32CE56E4F00A692C8 /* AppDelegate.swift */ = {isa = PBXFileReference; lastKnownFileType = sourcecode.swift; path = AppDelegate.swift; sourceTree = "<group>"; };
		8E9567DD2CE634D100A692C8 /* Hour.swift */ = {isa = PBXFileReference; lastKnownFileType = sourcecode.swift; path = Hour.swift; sourceTree = "<group>"; };
		8E9567E42CE6669700A692C8 /* WeeklyViewModel.swift */ = {isa = PBXFileReference; lastKnownFileType = sourcecode.swift; path = WeeklyViewModel.swift; sourceTree = "<group>"; };
		8E9567EE2CE6BFA400A692C8 /* TimecardByDay.swift */ = {isa = PBXFileReference; lastKnownFileType = sourcecode.swift; path = TimecardByDay.swift; sourceTree = "<group>"; };
		8E95692A2CEA696500A692C8 /* Manager.swift */ = {isa = PBXFileReference; lastKnownFileType = sourcecode.swift; path = Manager.swift; sourceTree = "<group>"; };
		8E95692C2CEA698300A692C8 /* ManagerViewModel.swift */ = {isa = PBXFileReference; lastKnownFileType = sourcecode.swift; path = ManagerViewModel.swift; sourceTree = "<group>"; };
		8EC38B2C2CB0AA80000C94FB /* TimecardApp.app */ = {isa = PBXFileReference; explicitFileType = wrapper.application; includeInIndex = 0; path = TimecardApp.app; sourceTree = BUILT_PRODUCTS_DIR; };
		8EC38B332CB0AA82000C94FB /* Assets.xcassets */ = {isa = PBXFileReference; lastKnownFileType = folder.assetcatalog; path = Assets.xcassets; sourceTree = "<group>"; };
		8EC38B462CB0ABB7000C94FB /* TimecardListViewModel.swift */ = {isa = PBXFileReference; lastKnownFileType = sourcecode.swift; path = TimecardListViewModel.swift; sourceTree = "<group>"; };
		8EC38B482CB0ABCC000C94FB /* Timecard.swift */ = {isa = PBXFileReference; lastKnownFileType = sourcecode.swift; path = Timecard.swift; sourceTree = "<group>"; };
		8EC38B4E2CB0AD24000C94FB /* JobCodeListViewModel.swift */ = {isa = PBXFileReference; lastKnownFileType = sourcecode.swift; path = JobCodeListViewModel.swift; sourceTree = "<group>"; };
/* End PBXFileReference section */

/* Begin PBXFileSystemSynchronizedRootGroup section */
		06FB23E12CD58FBE00F30DD7 /* Views */ = {isa = PBXFileSystemSynchronizedRootGroup; explicitFileTypes = {}; explicitFolders = (); path = Views; sourceTree = "<group>"; };
/* End PBXFileSystemSynchronizedRootGroup section */

/* Begin PBXFrameworksBuildPhase section */
		8EC38B292CB0AA80000C94FB /* Frameworks */ = {
			isa = PBXFrameworksBuildPhase;
			buildActionMask = 2147483647;
			files = (
				8E9567A32CE4490500A692C8 /* FirebaseAppCheck in Frameworks */,
				8E9567BC2CE452C400A692C8 /* FirebaseCore in Frameworks */,
				8E95679D2CE4490500A692C8 /* FirebaseAnalytics in Frameworks */,
				8E9567C22CE452C400A692C8 /* FirebaseFirestoreCombine-Community in Frameworks */,
				8E9567C82CE5038800A692C8 /* FirebaseCore in Frameworks */,
				8E9567A52CE4490500A692C8 /* FirebaseAppDistribution-Beta in Frameworks */,
				8E9567C02CE452C400A692C8 /* FirebaseFirestore in Frameworks */,
				8E9567CE2CE52BD900A692C8 /* FirebaseAuth in Frameworks */,
				8E9567B82CE452C400A692C8 /* FirebaseAppDistribution-Beta in Frameworks */,
				8E9567CA2CE5038800A692C8 /* FirebaseDatabase in Frameworks */,
				8E9567B02CE4528600A692C8 /* FirebaseFirestoreCombine-Community in Frameworks */,
				8E9567BE2CE452C400A692C8 /* FirebaseDatabase in Frameworks */,
				8E9567BA2CE452C400A692C8 /* FirebaseAuth in Frameworks */,
				8E9567C42CE452C400A692C8 /* FirebaseFunctions in Frameworks */,
				8E9567D22CE568A600A692C8 /* FirebaseAppCheck in Frameworks */,
				8E9567D02CE52BD900A692C8 /* FirebaseAuthCombine-Community in Frameworks */,
				8E9567B62CE452C400A692C8 /* FirebaseAppCheck in Frameworks */,
				8E9567A12CE4490500A692C8 /* FirebaseAnalyticsWithoutAdIdSupport in Frameworks */,
				8E9567CC2CE5038800A692C8 /* FirebaseFirestore in Frameworks */,
				8E9567C62CE452C400A692C8 /* FirebaseStorage in Frameworks */,
				8E9567AA2CE4528600A692C8 /* FirebaseCore in Frameworks */,
				8E9567AE2CE4528600A692C8 /* FirebaseFirestore in Frameworks */,
				8E9567B22CE4528600A692C8 /* FirebaseFunctions in Frameworks */,
				8E9567B42CE4528600A692C8 /* FirebaseStorage in Frameworks */,
				8E9567AC2CE4528600A692C8 /* FirebaseDatabase in Frameworks */,
				8E95679F2CE4490500A692C8 /* FirebaseAnalyticsOnDeviceConversion in Frameworks */,
			);
			runOnlyForDeploymentPostprocessing = 0;
		};
/* End PBXFrameworksBuildPhase section */

/* Begin PBXGroup section */
		8EC38B232CB0AA80000C94FB = {
			isa = PBXGroup;
			children = (
				8EC38B2E2CB0AA80000C94FB /* TimecardApp */,
				8EC38B2D2CB0AA80000C94FB /* Products */,
			);
			sourceTree = "<group>";
		};
		8EC38B2D2CB0AA80000C94FB /* Products */ = {
			isa = PBXGroup;
			children = (
				8EC38B2C2CB0AA80000C94FB /* TimecardApp.app */,
			);
			name = Products;
			sourceTree = "<group>";
		};
		8EC38B2E2CB0AA80000C94FB /* TimecardApp */ = {
			isa = PBXGroup;
			children = (
				8EC38B3F2CB0AA9C000C94FB /* Models */,
				8EC38B402CB0AAA7000C94FB /* ViewModels */,
				8EC38B332CB0AA82000C94FB /* Assets.xcassets */,
				06FB23E12CD58FBE00F30DD7 /* Views */,
				062700ED2CE6E6360097B7E2 /* TimecardApp.swift */,
				76C182132D062FF600E33030 /* GoogleService-Info.plist */,
			);
			path = TimecardApp;
			sourceTree = "<group>";
		};
		8EC38B3F2CB0AA9C000C94FB /* Models */ = {
			isa = PBXGroup;
			children = (
				8E9567EE2CE6BFA400A692C8 /* TimecardByDay.swift */,
				8E95692A2CEA696500A692C8 /* Manager.swift */,
				8E9567DD2CE634D100A692C8 /* Hour.swift */,
				065561012CCD75CA003A441F /* Profile.swift */,
				065560FB2CCB23CD003A441F /* JobCode.swift */,
				8EC38B482CB0ABCC000C94FB /* Timecard.swift */,
			);
			path = Models;
			sourceTree = "<group>";
		};
		8EC38B402CB0AAA7000C94FB /* ViewModels */ = {
			isa = PBXGroup;
			children = (
				76C183412D065F6D00E33030 /* SettingsViewModel.swift */,
				76C182FF2D063B5700E33030 /* LeaveRequestViewModel.swift */,
				067FFF032CE943C100B07CFA /* EmployeeDetailViewModel.swift */,
				8E95692C2CEA698300A692C8 /* ManagerViewModel.swift */,
				8E9567D32CE56E4F00A692C8 /* AppDelegate.swift */,
				065560FF2CCD75B8003A441F /* ProfileViewModel.swift */,
				8E9567E42CE6669700A692C8 /* WeeklyViewModel.swift */,
				065560F12CC9A21C003A441F /* LoginViewModel.swift */,
				8EC38B4E2CB0AD24000C94FB /* JobCodeListViewModel.swift */,
				8EC38B462CB0ABB7000C94FB /* TimecardListViewModel.swift */,
			);
			path = ViewModels;
			sourceTree = "<group>";
		};
/* End PBXGroup section */

/* Begin PBXNativeTarget section */
		8EC38B2B2CB0AA80000C94FB /* TimecardApp */ = {
			isa = PBXNativeTarget;
			buildConfigurationList = 8EC38B3A2CB0AA82000C94FB /* Build configuration list for PBXNativeTarget "TimecardApp" */;
			buildPhases = (
				8EC38B282CB0AA80000C94FB /* Sources */,
				8EC38B292CB0AA80000C94FB /* Frameworks */,
				8EC38B2A2CB0AA80000C94FB /* Resources */,
			);
			buildRules = (
			);
			dependencies = (
			);
			fileSystemSynchronizedGroups = (
				06FB23E12CD58FBE00F30DD7 /* Views */,
			);
			name = TimecardApp;
			productName = TimecardApp;
			productReference = 8EC38B2C2CB0AA80000C94FB /* TimecardApp.app */;
			productType = "com.apple.product-type.application";
		};
/* End PBXNativeTarget section */

/* Begin PBXProject section */
		8EC38B242CB0AA80000C94FB /* Project object */ = {
			isa = PBXProject;
			attributes = {
				BuildIndependentTargetsInParallel = 1;
				LastSwiftUpdateCheck = 1540;
				LastUpgradeCheck = 1540;
				TargetAttributes = {
					8EC38B2B2CB0AA80000C94FB = {
						CreatedOnToolsVersion = 15.4;
					};
				};
			};
			buildConfigurationList = 8EC38B272CB0AA80000C94FB /* Build configuration list for PBXProject "TimecardApp" */;
			compatibilityVersion = "Xcode 14.0";
			developmentRegion = en;
			hasScannedForEncodings = 0;
			knownRegions = (
				en,
				Base,
			);
			mainGroup = 8EC38B232CB0AA80000C94FB;
			packageReferences = (
				8E95679B2CE4490500A692C8 /* XCRemoteSwiftPackageReference "firebase-ios-sdk" */,
			);
			productRefGroup = 8EC38B2D2CB0AA80000C94FB /* Products */;
			projectDirPath = "";
			projectRoot = "";
			targets = (
				8EC38B2B2CB0AA80000C94FB /* TimecardApp */,
			);
		};
/* End PBXProject section */

/* Begin PBXResourcesBuildPhase section */
		8EC38B2A2CB0AA80000C94FB /* Resources */ = {
			isa = PBXResourcesBuildPhase;
			buildActionMask = 2147483647;
			files = (
				8EC38B342CB0AA82000C94FB /* Assets.xcassets in Resources */,
				76C182142D062FF600E33030 /* GoogleService-Info.plist in Resources */,
			);
			runOnlyForDeploymentPostprocessing = 0;
		};
/* End PBXResourcesBuildPhase section */

/* Begin PBXSourcesBuildPhase section */
		8EC38B282CB0AA80000C94FB /* Sources */ = {
			isa = PBXSourcesBuildPhase;
			buildActionMask = 2147483647;
			files = (
				065561022CCD75CA003A441F /* Profile.swift in Sources */,
				065560FC2CCB23CD003A441F /* JobCode.swift in Sources */,
				8E9567E52CE6669A00A692C8 /* WeeklyViewModel.swift in Sources */,
				8E9567DE2CE634D100A692C8 /* Hour.swift in Sources */,
				067FFF042CE943C100B07CFA /* EmployeeDetailViewModel.swift in Sources */,
				065560F22CC9A223003A441F /* LoginViewModel.swift in Sources */,
				8E9567EF2CE6BFA400A692C8 /* TimecardByDay.swift in Sources */,
				76C183422D065F7100E33030 /* SettingsViewModel.swift in Sources */,
				8E95692D2CEA698300A692C8 /* ManagerViewModel.swift in Sources */,
				76C183002D063B5700E33030 /* LeaveRequestViewModel.swift in Sources */,
				065561002CCD75B8003A441F /* ProfileViewModel.swift in Sources */,
				8EC38B492CB0ABCC000C94FB /* Timecard.swift in Sources */,
				8EC38B4F2CB0AD24000C94FB /* JobCodeListViewModel.swift in Sources */,
				062700FA2CE6E6360097B7E2 /* TimecardApp.swift in Sources */,
				8E95692B2CEA696500A692C8 /* Manager.swift in Sources */,
				8E9567D42CE56E4F00A692C8 /* AppDelegate.swift in Sources */,
				8EC38B472CB0ABB7000C94FB /* TimecardListViewModel.swift in Sources */,
			);
			runOnlyForDeploymentPostprocessing = 0;
		};
/* End PBXSourcesBuildPhase section */

/* Begin XCBuildConfiguration section */
		8EC38B382CB0AA82000C94FB /* Debug */ = {
			isa = XCBuildConfiguration;
			buildSettings = {
				ALWAYS_SEARCH_USER_PATHS = NO;
				ASSETCATALOG_COMPILER_GENERATE_SWIFT_ASSET_SYMBOL_EXTENSIONS = YES;
				CLANG_ANALYZER_NONNULL = YES;
				CLANG_ANALYZER_NUMBER_OBJECT_CONVERSION = YES_AGGRESSIVE;
				CLANG_CXX_LANGUAGE_STANDARD = "gnu++20";
				CLANG_ENABLE_MODULES = YES;
				CLANG_ENABLE_OBJC_ARC = YES;
				CLANG_ENABLE_OBJC_WEAK = YES;
				CLANG_WARN_BLOCK_CAPTURE_AUTORELEASING = YES;
				CLANG_WARN_BOOL_CONVERSION = YES;
				CLANG_WARN_COMMA = YES;
				CLANG_WARN_CONSTANT_CONVERSION = YES;
				CLANG_WARN_DEPRECATED_OBJC_IMPLEMENTATIONS = YES;
				CLANG_WARN_DIRECT_OBJC_ISA_USAGE = YES_ERROR;
				CLANG_WARN_DOCUMENTATION_COMMENTS = YES;
				CLANG_WARN_EMPTY_BODY = YES;
				CLANG_WARN_ENUM_CONVERSION = YES;
				CLANG_WARN_INFINITE_RECURSION = YES;
				CLANG_WARN_INT_CONVERSION = YES;
				CLANG_WARN_NON_LITERAL_NULL_CONVERSION = YES;
				CLANG_WARN_OBJC_IMPLICIT_RETAIN_SELF = YES;
				CLANG_WARN_OBJC_LITERAL_CONVERSION = YES;
				CLANG_WARN_OBJC_ROOT_CLASS = YES_ERROR;
				CLANG_WARN_QUOTED_INCLUDE_IN_FRAMEWORK_HEADER = YES;
				CLANG_WARN_RANGE_LOOP_ANALYSIS = YES;
				CLANG_WARN_STRICT_PROTOTYPES = YES;
				CLANG_WARN_SUSPICIOUS_MOVE = YES;
				CLANG_WARN_UNGUARDED_AVAILABILITY = YES_AGGRESSIVE;
				CLANG_WARN_UNREACHABLE_CODE = YES;
				CLANG_WARN__DUPLICATE_METHOD_MATCH = YES;
				COPY_PHASE_STRIP = NO;
				DEBUG_INFORMATION_FORMAT = dwarf;
				ENABLE_STRICT_OBJC_MSGSEND = YES;
				ENABLE_TESTABILITY = YES;
				ENABLE_USER_SCRIPT_SANDBOXING = YES;
				GCC_C_LANGUAGE_STANDARD = gnu17;
				GCC_DYNAMIC_NO_PIC = NO;
				GCC_NO_COMMON_BLOCKS = YES;
				GCC_OPTIMIZATION_LEVEL = 0;
				GCC_PREPROCESSOR_DEFINITIONS = (
					"DEBUG=1",
					"$(inherited)",
				);
				GCC_WARN_64_TO_32_BIT_CONVERSION = YES;
				GCC_WARN_ABOUT_RETURN_TYPE = YES_ERROR;
				GCC_WARN_UNDECLARED_SELECTOR = YES;
				GCC_WARN_UNINITIALIZED_AUTOS = YES_AGGRESSIVE;
				GCC_WARN_UNUSED_FUNCTION = YES;
				GCC_WARN_UNUSED_VARIABLE = YES;
				IPHONEOS_DEPLOYMENT_TARGET = 17.5;
				LOCALIZATION_PREFERS_STRING_CATALOGS = YES;
				MTL_ENABLE_DEBUG_INFO = INCLUDE_SOURCE;
				MTL_FAST_MATH = YES;
				ONLY_ACTIVE_ARCH = YES;
				SDKROOT = iphoneos;
				SWIFT_ACTIVE_COMPILATION_CONDITIONS = "DEBUG $(inherited)";
				SWIFT_OPTIMIZATION_LEVEL = "-Onone";
			};
			name = Debug;
		};
		8EC38B392CB0AA82000C94FB /* Release */ = {
			isa = XCBuildConfiguration;
			buildSettings = {
				ALWAYS_SEARCH_USER_PATHS = NO;
				ASSETCATALOG_COMPILER_GENERATE_SWIFT_ASSET_SYMBOL_EXTENSIONS = YES;
				CLANG_ANALYZER_NONNULL = YES;
				CLANG_ANALYZER_NUMBER_OBJECT_CONVERSION = YES_AGGRESSIVE;
				CLANG_CXX_LANGUAGE_STANDARD = "gnu++20";
				CLANG_ENABLE_MODULES = YES;
				CLANG_ENABLE_OBJC_ARC = YES;
				CLANG_ENABLE_OBJC_WEAK = YES;
				CLANG_WARN_BLOCK_CAPTURE_AUTORELEASING = YES;
				CLANG_WARN_BOOL_CONVERSION = YES;
				CLANG_WARN_COMMA = YES;
				CLANG_WARN_CONSTANT_CONVERSION = YES;
				CLANG_WARN_DEPRECATED_OBJC_IMPLEMENTATIONS = YES;
				CLANG_WARN_DIRECT_OBJC_ISA_USAGE = YES_ERROR;
				CLANG_WARN_DOCUMENTATION_COMMENTS = YES;
				CLANG_WARN_EMPTY_BODY = YES;
				CLANG_WARN_ENUM_CONVERSION = YES;
				CLANG_WARN_INFINITE_RECURSION = YES;
				CLANG_WARN_INT_CONVERSION = YES;
				CLANG_WARN_NON_LITERAL_NULL_CONVERSION = YES;
				CLANG_WARN_OBJC_IMPLICIT_RETAIN_SELF = YES;
				CLANG_WARN_OBJC_LITERAL_CONVERSION = YES;
				CLANG_WARN_OBJC_ROOT_CLASS = YES_ERROR;
				CLANG_WARN_QUOTED_INCLUDE_IN_FRAMEWORK_HEADER = YES;
				CLANG_WARN_RANGE_LOOP_ANALYSIS = YES;
				CLANG_WARN_STRICT_PROTOTYPES = YES;
				CLANG_WARN_SUSPICIOUS_MOVE = YES;
				CLANG_WARN_UNGUARDED_AVAILABILITY = YES_AGGRESSIVE;
				CLANG_WARN_UNREACHABLE_CODE = YES;
				CLANG_WARN__DUPLICATE_METHOD_MATCH = YES;
				COPY_PHASE_STRIP = NO;
				DEBUG_INFORMATION_FORMAT = "dwarf-with-dsym";
				ENABLE_NS_ASSERTIONS = NO;
				ENABLE_STRICT_OBJC_MSGSEND = YES;
				ENABLE_USER_SCRIPT_SANDBOXING = YES;
				GCC_C_LANGUAGE_STANDARD = gnu17;
				GCC_NO_COMMON_BLOCKS = YES;
				GCC_WARN_64_TO_32_BIT_CONVERSION = YES;
				GCC_WARN_ABOUT_RETURN_TYPE = YES_ERROR;
				GCC_WARN_UNDECLARED_SELECTOR = YES;
				GCC_WARN_UNINITIALIZED_AUTOS = YES_AGGRESSIVE;
				GCC_WARN_UNUSED_FUNCTION = YES;
				GCC_WARN_UNUSED_VARIABLE = YES;
				IPHONEOS_DEPLOYMENT_TARGET = 17.5;
				LOCALIZATION_PREFERS_STRING_CATALOGS = YES;
				MTL_ENABLE_DEBUG_INFO = NO;
				MTL_FAST_MATH = YES;
				SDKROOT = iphoneos;
				SWIFT_COMPILATION_MODE = wholemodule;
				VALIDATE_PRODUCT = YES;
			};
			name = Release;
		};
		8EC38B3B2CB0AA82000C94FB /* Debug */ = {
			isa = XCBuildConfiguration;
			buildSettings = {
				ASSETCATALOG_COMPILER_APPICON_NAME = AppIcon;
				ASSETCATALOG_COMPILER_GLOBAL_ACCENT_COLOR_NAME = AccentColor;
				CODE_SIGN_STYLE = Automatic;
				CURRENT_PROJECT_VERSION = 1;
				DEVELOPMENT_ASSET_PATHS = "\"TimecardApp/Preview Content\"";
				DEVELOPMENT_TEAM = LFGX6QQD8G;
				ENABLE_PREVIEWS = YES;
				FIRAppCheckDebugToken = "6C835E8F-BB58-46D6-90FD-F2C69C843ABA";
				GENERATE_INFOPLIST_FILE = YES;
				INFOPLIST_KEY_UIApplicationSceneManifest_Generation = YES;
				INFOPLIST_KEY_UIApplicationSupportsIndirectInputEvents = YES;
				INFOPLIST_KEY_UILaunchScreen_Generation = YES;
				INFOPLIST_KEY_UISupportedInterfaceOrientations_iPad = "UIInterfaceOrientationPortrait UIInterfaceOrientationPortraitUpsideDown UIInterfaceOrientationLandscapeLeft UIInterfaceOrientationLandscapeRight";
				INFOPLIST_KEY_UISupportedInterfaceOrientations_iPhone = "UIInterfaceOrientationPortrait UIInterfaceOrientationLandscapeLeft UIInterfaceOrientationLandscapeRight";
				LD_RUNPATH_SEARCH_PATHS = (
					"$(inherited)",
					"@executable_path/Frameworks",
				);
				MARKETING_VERSION = 1.0;
				PRODUCT_BUNDLE_IDENTIFIER = com.timecardApp.TimecardApp;
				PRODUCT_NAME = "$(TARGET_NAME)";
				SWIFT_EMIT_LOC_STRINGS = YES;
				SWIFT_VERSION = 5.0;
				TARGETED_DEVICE_FAMILY = "1,2";
			};
			name = Debug;
		};
		8EC38B3C2CB0AA82000C94FB /* Release */ = {
			isa = XCBuildConfiguration;
			buildSettings = {
				ASSETCATALOG_COMPILER_APPICON_NAME = AppIcon;
				ASSETCATALOG_COMPILER_GLOBAL_ACCENT_COLOR_NAME = AccentColor;
				CODE_SIGN_STYLE = Automatic;
				CURRENT_PROJECT_VERSION = 1;
				DEVELOPMENT_ASSET_PATHS = "\"TimecardApp/Preview Content\"";
				DEVELOPMENT_TEAM = LFGX6QQD8G;
				ENABLE_PREVIEWS = YES;
				FIRAppCheckDebugToken = "6C835E8F-BB58-46D6-90FD-F2C69C843ABA";
				GENERATE_INFOPLIST_FILE = YES;
				INFOPLIST_KEY_UIApplicationSceneManifest_Generation = YES;
				INFOPLIST_KEY_UIApplicationSupportsIndirectInputEvents = YES;
				INFOPLIST_KEY_UILaunchScreen_Generation = YES;
				INFOPLIST_KEY_UISupportedInterfaceOrientations_iPad = "UIInterfaceOrientationPortrait UIInterfaceOrientationPortraitUpsideDown UIInterfaceOrientationLandscapeLeft UIInterfaceOrientationLandscapeRight";
				INFOPLIST_KEY_UISupportedInterfaceOrientations_iPhone = "UIInterfaceOrientationPortrait UIInterfaceOrientationLandscapeLeft UIInterfaceOrientationLandscapeRight";
				LD_RUNPATH_SEARCH_PATHS = (
					"$(inherited)",
					"@executable_path/Frameworks",
				);
				MARKETING_VERSION = 1.0;
				PRODUCT_BUNDLE_IDENTIFIER = com.timecardApp.TimecardApp;
				PRODUCT_NAME = "$(TARGET_NAME)";
				SWIFT_EMIT_LOC_STRINGS = YES;
				SWIFT_VERSION = 5.0;
				TARGETED_DEVICE_FAMILY = "1,2";
			};
			name = Release;
		};
/* End XCBuildConfiguration section */

/* Begin XCConfigurationList section */
		8EC38B272CB0AA80000C94FB /* Build configuration list for PBXProject "TimecardApp" */ = {
			isa = XCConfigurationList;
			buildConfigurations = (
				8EC38B382CB0AA82000C94FB /* Debug */,
				8EC38B392CB0AA82000C94FB /* Release */,
			);
			defaultConfigurationIsVisible = 0;
			defaultConfigurationName = Release;
		};
		8EC38B3A2CB0AA82000C94FB /* Build configuration list for PBXNativeTarget "TimecardApp" */ = {
			isa = XCConfigurationList;
			buildConfigurations = (
				8EC38B3B2CB0AA82000C94FB /* Debug */,
				8EC38B3C2CB0AA82000C94FB /* Release */,
			);
			defaultConfigurationIsVisible = 0;
			defaultConfigurationName = Release;
		};
/* End XCConfigurationList section */

/* Begin XCRemoteSwiftPackageReference section */
		8E95679B2CE4490500A692C8 /* XCRemoteSwiftPackageReference "firebase-ios-sdk" */ = {
			isa = XCRemoteSwiftPackageReference;
			repositoryURL = "https://github.com/firebase/firebase-ios-sdk";
			requirement = {
				kind = upToNextMajorVersion;
				minimumVersion = 11.5.0;
			};
		};
/* End XCRemoteSwiftPackageReference section */

/* Begin XCSwiftPackageProductDependency section */
		8E95679C2CE4490500A692C8 /* FirebaseAnalytics */ = {
			isa = XCSwiftPackageProductDependency;
			package = 8E95679B2CE4490500A692C8 /* XCRemoteSwiftPackageReference "firebase-ios-sdk" */;
			productName = FirebaseAnalytics;
		};
		8E95679E2CE4490500A692C8 /* FirebaseAnalyticsOnDeviceConversion */ = {
			isa = XCSwiftPackageProductDependency;
			package = 8E95679B2CE4490500A692C8 /* XCRemoteSwiftPackageReference "firebase-ios-sdk" */;
			productName = FirebaseAnalyticsOnDeviceConversion;
		};
		8E9567A02CE4490500A692C8 /* FirebaseAnalyticsWithoutAdIdSupport */ = {
			isa = XCSwiftPackageProductDependency;
			package = 8E95679B2CE4490500A692C8 /* XCRemoteSwiftPackageReference "firebase-ios-sdk" */;
			productName = FirebaseAnalyticsWithoutAdIdSupport;
		};
		8E9567A22CE4490500A692C8 /* FirebaseAppCheck */ = {
			isa = XCSwiftPackageProductDependency;
			package = 8E95679B2CE4490500A692C8 /* XCRemoteSwiftPackageReference "firebase-ios-sdk" */;
			productName = FirebaseAppCheck;
		};
		8E9567A42CE4490500A692C8 /* FirebaseAppDistribution-Beta */ = {
			isa = XCSwiftPackageProductDependency;
			package = 8E95679B2CE4490500A692C8 /* XCRemoteSwiftPackageReference "firebase-ios-sdk" */;
			productName = "FirebaseAppDistribution-Beta";
		};
		8E9567A92CE4528600A692C8 /* FirebaseCore */ = {
			isa = XCSwiftPackageProductDependency;
			package = 8E95679B2CE4490500A692C8 /* XCRemoteSwiftPackageReference "firebase-ios-sdk" */;
			productName = FirebaseCore;
		};
		8E9567AB2CE4528600A692C8 /* FirebaseDatabase */ = {
			isa = XCSwiftPackageProductDependency;
			package = 8E95679B2CE4490500A692C8 /* XCRemoteSwiftPackageReference "firebase-ios-sdk" */;
			productName = FirebaseDatabase;
		};
		8E9567AD2CE4528600A692C8 /* FirebaseFirestore */ = {
			isa = XCSwiftPackageProductDependency;
			package = 8E95679B2CE4490500A692C8 /* XCRemoteSwiftPackageReference "firebase-ios-sdk" */;
			productName = FirebaseFirestore;
		};
		8E9567AF2CE4528600A692C8 /* FirebaseFirestoreCombine-Community */ = {
			isa = XCSwiftPackageProductDependency;
			package = 8E95679B2CE4490500A692C8 /* XCRemoteSwiftPackageReference "firebase-ios-sdk" */;
			productName = "FirebaseFirestoreCombine-Community";
		};
		8E9567B12CE4528600A692C8 /* FirebaseFunctions */ = {
			isa = XCSwiftPackageProductDependency;
			package = 8E95679B2CE4490500A692C8 /* XCRemoteSwiftPackageReference "firebase-ios-sdk" */;
			productName = FirebaseFunctions;
		};
		8E9567B32CE4528600A692C8 /* FirebaseStorage */ = {
			isa = XCSwiftPackageProductDependency;
			package = 8E95679B2CE4490500A692C8 /* XCRemoteSwiftPackageReference "firebase-ios-sdk" */;
			productName = FirebaseStorage;
		};
		8E9567B52CE452C400A692C8 /* FirebaseAppCheck */ = {
			isa = XCSwiftPackageProductDependency;
			package = 8E95679B2CE4490500A692C8 /* XCRemoteSwiftPackageReference "firebase-ios-sdk" */;
			productName = FirebaseAppCheck;
		};
		8E9567B72CE452C400A692C8 /* FirebaseAppDistribution-Beta */ = {
			isa = XCSwiftPackageProductDependency;
			package = 8E95679B2CE4490500A692C8 /* XCRemoteSwiftPackageReference "firebase-ios-sdk" */;
			productName = "FirebaseAppDistribution-Beta";
		};
		8E9567B92CE452C400A692C8 /* FirebaseAuth */ = {
			isa = XCSwiftPackageProductDependency;
			package = 8E95679B2CE4490500A692C8 /* XCRemoteSwiftPackageReference "firebase-ios-sdk" */;
			productName = FirebaseAuth;
		};
		8E9567BB2CE452C400A692C8 /* FirebaseCore */ = {
			isa = XCSwiftPackageProductDependency;
			package = 8E95679B2CE4490500A692C8 /* XCRemoteSwiftPackageReference "firebase-ios-sdk" */;
			productName = FirebaseCore;
		};
		8E9567BD2CE452C400A692C8 /* FirebaseDatabase */ = {
			isa = XCSwiftPackageProductDependency;
			package = 8E95679B2CE4490500A692C8 /* XCRemoteSwiftPackageReference "firebase-ios-sdk" */;
			productName = FirebaseDatabase;
		};
		8E9567BF2CE452C400A692C8 /* FirebaseFirestore */ = {
			isa = XCSwiftPackageProductDependency;
			package = 8E95679B2CE4490500A692C8 /* XCRemoteSwiftPackageReference "firebase-ios-sdk" */;
			productName = FirebaseFirestore;
		};
		8E9567C12CE452C400A692C8 /* FirebaseFirestoreCombine-Community */ = {
			isa = XCSwiftPackageProductDependency;
			package = 8E95679B2CE4490500A692C8 /* XCRemoteSwiftPackageReference "firebase-ios-sdk" */;
			productName = "FirebaseFirestoreCombine-Community";
		};
		8E9567C32CE452C400A692C8 /* FirebaseFunctions */ = {
			isa = XCSwiftPackageProductDependency;
			package = 8E95679B2CE4490500A692C8 /* XCRemoteSwiftPackageReference "firebase-ios-sdk" */;
			productName = FirebaseFunctions;
		};
		8E9567C52CE452C400A692C8 /* FirebaseStorage */ = {
			isa = XCSwiftPackageProductDependency;
			package = 8E95679B2CE4490500A692C8 /* XCRemoteSwiftPackageReference "firebase-ios-sdk" */;
			productName = FirebaseStorage;
		};
		8E9567C72CE5038800A692C8 /* FirebaseCore */ = {
			isa = XCSwiftPackageProductDependency;
			package = 8E95679B2CE4490500A692C8 /* XCRemoteSwiftPackageReference "firebase-ios-sdk" */;
			productName = FirebaseCore;
		};
		8E9567C92CE5038800A692C8 /* FirebaseDatabase */ = {
			isa = XCSwiftPackageProductDependency;
			package = 8E95679B2CE4490500A692C8 /* XCRemoteSwiftPackageReference "firebase-ios-sdk" */;
			productName = FirebaseDatabase;
		};
		8E9567CB2CE5038800A692C8 /* FirebaseFirestore */ = {
			isa = XCSwiftPackageProductDependency;
			package = 8E95679B2CE4490500A692C8 /* XCRemoteSwiftPackageReference "firebase-ios-sdk" */;
			productName = FirebaseFirestore;
		};
		8E9567CD2CE52BD900A692C8 /* FirebaseAuth */ = {
			isa = XCSwiftPackageProductDependency;
			package = 8E95679B2CE4490500A692C8 /* XCRemoteSwiftPackageReference "firebase-ios-sdk" */;
			productName = FirebaseAuth;
		};
		8E9567CF2CE52BD900A692C8 /* FirebaseAuthCombine-Community */ = {
			isa = XCSwiftPackageProductDependency;
			package = 8E95679B2CE4490500A692C8 /* XCRemoteSwiftPackageReference "firebase-ios-sdk" */;
			productName = "FirebaseAuthCombine-Community";
		};
		8E9567D12CE568A600A692C8 /* FirebaseAppCheck */ = {
			isa = XCSwiftPackageProductDependency;
			productName = FirebaseAppCheck;
		};
/* End XCSwiftPackageProductDependency section */
	};
	rootObject = 8EC38B242CB0AA80000C94FB /* Project object */;
}
